{
  "name": "postman-api-qa-portfolio",
  "version": "1.0.0",
  "lockfileVersion": 3,
  "requires": true,
  "packages": {
    "": {
      "name": "postman-api-qa-portfolio",
      "version": "1.0.0",
      "devDependencies": {
        "postman-cli": "^1.56.1"
      }
    },
    "node_modules/@postman/pm-bin-linux-arm64": {
      "version": "1.56.1",
      "resolved": "https://registry.npmjs.org/@postman/pm-bin-linux-arm64/-/pm-bin-linux-arm64-1.56.1.tgz",
      "integrity": "sha512-29JwdRIW0J7TYF9rPTS30BGVQsY5uuWtOARqDdss6aZ/PGi29TmsaDaZ1Evj6er/gyWrL0M8PHqR71mc2RHmwQ==",
      "cpu": [
        "arm64"
      ],
      "dev": true,
      "optional": true,
      "os": [
        "linux"
      ]
    },
    "node_modules/@postman/pm-bin-linux-x64": {
      "version": "1.56.1",
      "resolved": "https://registry.npmjs.org/@postman/pm-bin-linux-x64/-/pm-bin-linux-x64-1.56.1.tgz",
      "integrity": "sha512-aUe+pkPSciRoNinm3JUEayRHIDuyeCjGPdEv9njokqzNxdvmm0jT1v7WaBVbL6GkmiJ0+dGstysY8SgKv+nghg==",
      "cpu": [
        "x64"
      ],
      "dev": true,
      "optional": true,
      "os": [
        "linux"
      ]
    },
    "node_modules/@postman/pm-bin-macos-arm64": {
      "version": "1.56.1",
      "resolved": "https://registry.npmjs.org/@postman/pm-bin-macos-arm64/-/pm-bin-macos-arm64-1.56.1.tgz",
      "integrity": "sha512-1H/3zIeyIt5h5hs8PNiIJ66OlTwS1Z3PtaNbH9EYTB7ksG8/YuGAChOujrq1yflXjwE2vicZt94ECqtuJ0AwMw==",
      "cpu": [
        "arm64"
      ],
      "dev": true,
      "optional": true,
      "os": [
        "darwin"
      ]
    },
    "node_modules/@postman/pm-bin-macos-x64": {
      "version": "1.56.1",
      "resolved": "https://registry.npmjs.org/@postman/pm-bin-macos-x64/-/pm-bin-macos-x64-1.56.1.tgz",
      "integrity": "sha512-Ff/88MsLDXy22MNA2oj8s+/FNlN117UHBArqE1MG7sHQOzyrNBEusNiIj86Vi6kANOfWVUE3cSDWYG3c5SRpZA==",
      "cpu": [
        "x64"
      ],
      "dev": true,
      "optional": true,
      "os": [
        "darwin"
      ]
    },
    "node_modules/@postman/pm-bin-windows-x64": {
      "version": "1.56.1",
      "resolved": "https://registry.npmjs.org/@postman/pm-bin-windows-x64/-/pm-bin-windows-x64-1.56.1.tgz",
      "integrity": "sha512-oP6bgq3mQMZgJN8xJFqQsIDzdLUwzd289OGnThLPLN6NaJiK22DoErXF7q1E2DBhbFZ73MLzKEYZd7IxwHMX2Q==",
      "cpu": [
        "x64"
      ],
      "dev": true,
      "optional": true,
      "os": [
        "win32"
      ]
    },
    "node_modules/postman-cli": {
      "version": "1.56.1",
      "resolved": "https://registry.npmjs.org/postman-cli/-/postman-cli-1.56.1.tgz",
      "integrity": "sha512-swbXsISZzv9ehmBlQtAgkQ/hiShwp1tWQgfxlQ65W48BS2VtpSflEg+wEnujYbBN6EcCq6iACfcjZ82EPv5erQ==",
      "dev": true,
      "bin": {
        "postman": "bin/postman.js"
      },
      "optionalDependencies": {
        "@postman/pm-bin-linux-arm64": "1.56.1",
        "@postman/pm-bin-linux-x64": "1.56.1",
        "@postman/pm-bin-macos-arm64": "1.56.1",
        "@postman/pm-bin-macos-x64": "1.56.1",
        "@postman/pm-bin-windows-x64": "1.56.1"
      }
    }
  }
}
